
Microsoft Visual Studio Solution File, Format Version 12.00
# Visual Studio Version 17
VisualStudioVersion = 17.7.34031.279
MinimumVisualStudioVersion = 10.0.40219.1
Project("{2150E333-8FDC-42A3-9474-1A3956D46DE8}") = "Src", "Src", "{AB0BC2D1-6894-4640-8EB6-779A78936B84}"
EndProject
Project("{2150E333-8FDC-42A3-9474-1A3956D46DE8}") = "01-Domain", "01-Domain", "{E323BA4D-9D6B-4F3E-B02E-3684A3E6DA78}"
EndProject
Project("{2150E333-8FDC-42A3-9474-1A3956D46DE8}") = "02-Infrastructure", "02-Infrastructure", "{5B646B99-1FD1-4034-95BB-36C758F09EDD}"
EndProject
Project("{2150E333-8FDC-42A3-9474-1A3956D46DE8}") = "03-Endpoints", "03-Endpoints", "{0B9BA9F8-8681-47CD-A81E-3B3A5CF11F5B}"
EndProject
Project("{2150E333-8FDC-42A3-9474-1A3956D46DE8}") = "Core", "Core", "{3672A3E4-D109-42DD-92F4-500F0EE8C448}"
EndProject
Project("{9A19103F-16F7-4668-BE54-9A1E7A4F7556}") = "App.Domain.Core", "App.Domain.Core\App.Domain.Core.csproj", "{8786B156-B150-4966-8563-2C4A803D8EE8}"
EndProject
Project("{2150E333-8FDC-42A3-9474-1A3956D46DE8}") = "Services", "Services", "{24B4B339-C85B-49B5-A405-35C1B3CF463F}"
EndProject
Project("{2150E333-8FDC-42A3-9474-1A3956D46DE8}") = "DataAccess", "DataAccess", "{D1C06D0E-65CB-46CA-904D-2BBB381D6C8F}"
EndProject
Project("{2150E333-8FDC-42A3-9474-1A3956D46DE8}") = "Db", "Db", "{A1F516C5-FE30-4C57-8662-FE7EB4463949}"
EndProject
Project("{9A19103F-16F7-4668-BE54-9A1E7A4F7556}") = "App.Domain.AppServices", "App.Domain.AppServices\App.Domain.AppServices.csproj", "{1CF9D4BC-3952-4792-B75B-3C6B493B3DFA}"
EndProject
Project("{9A19103F-16F7-4668-BE54-9A1E7A4F7556}") = "App.Domain.Services", "App.Domain.Services\App.Domain.Services.csproj", "{44609CAD-E5A1-40CC-ABAE-ADA1DBF6E368}"
EndProject
Project("{9A19103F-16F7-4668-BE54-9A1E7A4F7556}") = "App.Infra.Data.Repos.Ef", "App.Infra.Data.Repos.Ef\App.Infra.Data.Repos.Ef.csproj", "{3FAFD45F-3F53-43F5-8FBC-78C7FEBD6A8C}"
EndProject
Project("{9A19103F-16F7-4668-BE54-9A1E7A4F7556}") = "App.Infra.Data.SqlServer.Ef", "App.Infra.Data.SqlServer.Ef\App.Infra.Data.SqlServer.Ef.csproj", "{D03387AB-1ECB-43FE-BA07-F9B04F8C2621}"
EndProject
Project("{9A19103F-16F7-4668-BE54-9A1E7A4F7556}") = "GreenStoreUI", "GreenStoreUI\GreenStoreUI.csproj", "{DCD4A115-2024-49D3-AE32-038F5577849B}"
EndProject
Global
	GlobalSection(SolutionConfigurationPlatforms) = preSolution
		Debug|Any CPU = Debug|Any CPU
		Release|Any CPU = Release|Any CPU
	EndGlobalSection
	GlobalSection(ProjectConfigurationPlatforms) = postSolution
		{8786B156-B150-4966-8563-2C4A803D8EE8}.Debug|Any CPU.ActiveCfg = Debug|Any CPU
		{8786B156-B150-4966-8563-2C4A803D8EE8}.Debug|Any CPU.Build.0 = Debug|Any CPU
		{8786B156-B150-4966-8563-2C4A803D8EE8}.Release|Any CPU.ActiveCfg = Release|Any CPU
		{8786B156-B150-4966-8563-2C4A803D8EE8}.Release|Any CPU.Build.0 = Release|Any CPU
		{1CF9D4BC-3952-4792-B75B-3C6B493B3DFA}.Debug|Any CPU.ActiveCfg = Debug|Any CPU
		{1CF9D4BC-3952-4792-B75B-3C6B493B3DFA}.Debug|Any CPU.Build.0 = Debug|Any CPU
		{1CF9D4BC-3952-4792-B75B-3C6B493B3DFA}.Release|Any CPU.ActiveCfg = Release|Any CPU
		{1CF9D4BC-3952-4792-B75B-3C6B493B3DFA}.Release|Any CPU.Build.0 = Release|Any CPU
		{44609CAD-E5A1-40CC-ABAE-ADA1DBF6E368}.Debug|Any CPU.ActiveCfg = Debug|Any CPU
		{44609CAD-E5A1-40CC-ABAE-ADA1DBF6E368}.Debug|Any CPU.Build.0 = Debug|Any CPU
		{44609CAD-E5A1-40CC-ABAE-ADA1DBF6E368}.Release|Any CPU.ActiveCfg = Release|Any CPU
		{44609CAD-E5A1-40CC-ABAE-ADA1DBF6E368}.Release|Any CPU.Build.0 = Release|Any CPU
		{3FAFD45F-3F53-43F5-8FBC-78C7FEBD6A8C}.Debug|Any CPU.ActiveCfg = Debug|Any CPU
		{3FAFD45F-3F53-43F5-8FBC-78C7FEBD6A8C}.Debug|Any CPU.Build.0 = Debug|Any CPU
		{3FAFD45F-3F53-43F5-8FBC-78C7FEBD6A8C}.Release|Any CPU.ActiveCfg = Release|Any CPU
		{3FAFD45F-3F53-43F5-8FBC-78C7FEBD6A8C}.Release|Any CPU.Build.0 = Release|Any CPU
		{D03387AB-1ECB-43FE-BA07-F9B04F8C2621}.Debug|Any CPU.ActiveCfg = Debug|Any CPU
		{D03387AB-1ECB-43FE-BA07-F9B04F8C2621}.Debug|Any CPU.Build.0 = Debug|Any CPU
		{D03387AB-1ECB-43FE-BA07-F9B04F8C2621}.Release|Any CPU.ActiveCfg = Release|Any CPU
		{D03387AB-1ECB-43FE-BA07-F9B04F8C2621}.Release|Any CPU.Build.0 = Release|Any CPU
		{DCD4A115-2024-49D3-AE32-038F5577849B}.Debug|Any CPU.ActiveCfg = Debug|Any CPU
		{DCD4A115-2024-49D3-AE32-038F5577849B}.Debug|Any CPU.Build.0 = Debug|Any CPU
		{DCD4A115-2024-49D3-AE32-038F5577849B}.Release|Any CPU.ActiveCfg = Release|Any CPU
		{DCD4A115-2024-49D3-AE32-038F5577849B}.Release|Any CPU.Build.0 = Release|Any CPU
	EndGlobalSection
	GlobalSection(SolutionProperties) = preSolution
		HideSolutionNode = FALSE
	EndGlobalSection
	GlobalSection(NestedProjects) = preSolution
		{E323BA4D-9D6B-4F3E-B02E-3684A3E6DA78} = {AB0BC2D1-6894-4640-8EB6-779A78936B84}
		{5B646B99-1FD1-4034-95BB-36C758F09EDD} = {AB0BC2D1-6894-4640-8EB6-779A78936B84}
		{0B9BA9F8-8681-47CD-A81E-3B3A5CF11F5B} = {AB0BC2D1-6894-4640-8EB6-779A78936B84}
		{3672A3E4-D109-42DD-92F4-500F0EE8C448} = {E323BA4D-9D6B-4F3E-B02E-3684A3E6DA78}
		{8786B156-B150-4966-8563-2C4A803D8EE8} = {3672A3E4-D109-42DD-92F4-500F0EE8C448}
		{24B4B339-C85B-49B5-A405-35C1B3CF463F} = {E323BA4D-9D6B-4F3E-B02E-3684A3E6DA78}
		{D1C06D0E-65CB-46CA-904D-2BBB381D6C8F} = {5B646B99-1FD1-4034-95BB-36C758F09EDD}
		{A1F516C5-FE30-4C57-8662-FE7EB4463949} = {5B646B99-1FD1-4034-95BB-36C758F09EDD}
		{1CF9D4BC-3952-4792-B75B-3C6B493B3DFA} = {24B4B339-C85B-49B5-A405-35C1B3CF463F}
		{44609CAD-E5A1-40CC-ABAE-ADA1DBF6E368} = {24B4B339-C85B-49B5-A405-35C1B3CF463F}
		{3FAFD45F-3F53-43F5-8FBC-78C7FEBD6A8C} = {D1C06D0E-65CB-46CA-904D-2BBB381D6C8F}
		{D03387AB-1ECB-43FE-BA07-F9B04F8C2621} = {A1F516C5-FE30-4C57-8662-FE7EB4463949}
		{DCD4A115-2024-49D3-AE32-038F5577849B} = {0B9BA9F8-8681-47CD-A81E-3B3A5CF11F5B}
	EndGlobalSection
	GlobalSection(ExtensibilityGlobals) = postSolution
		SolutionGuid = {FC96F6CD-101E-4FEA-A084-AF572EBE5A64}
	EndGlobalSection
EndGlobal
